# THIS IS AN AUTOGENERATED FILE. DO NOT EDIT THIS FILE DIRECTLY.
# yarn lockfile v1


"@rails/actiontext@^8.0.0":
  version "8.0.0"
  resolved "https://registry.yarnpkg.com/@rails/actiontext/-/actiontext-8.0.0.tgz#01133b7bbb2eb541890bf3a8bdc761fc27f9a649"
  integrity sha512-8pvXDEHqlVHptzfYDUXmBpstHsfHAVacYxO47cWDRjRmp1zdVXusLcom8UvqkRdTcAPXpte+LkjcfpD9S4DSSQ==
  dependencies:
    "@rails/activestorage" ">= 8.0.0-alpha"

"@rails/activestorage@>= 8.0.0-alpha":
  version "8.0.0"
  resolved "https://registry.yarnpkg.com/@rails/activestorage/-/activestorage-8.0.0.tgz#be5dd10acc141b95ffa2b3026e61790c36f1679c"
  integrity sha512-qoA7U1gMcWXhDnImwDIyRQDXkQKzThT2lu2Xpim8CnTOCEeAgkQ5Co2kzodpAI2grF1JSDvwXSPYNWwVAswndA==
  dependencies:
    spark-md5 "^3.0.1"

spark-md5@^3.0.1:
  version "3.0.2"
  resolved "https://registry.yarnpkg.com/spark-md5/-/spark-md5-3.0.2.tgz#7952c4a30784347abcee73268e473b9c0167e3fc"
  integrity sha512-wcFzz9cDfbuqe0FZzfi2or1sgyIrsDwmPwfZC4hiNidPdPINjeUwNfv5kldczoEAcjl9Y1L3SM7Uz2PUEQzxQw==

trix@^2.1.8:
  version "2.1.8"
  resolved "https://registry.yarnpkg.com/trix/-/trix-2.1.8.tgz#b9383af8cd9c1a0a0818d6b4e0c9e771bf7fd564"
  integrity sha512-y1h5mKQcjMsZDsUOqOgyIUfw+Z31u4Fe9JqXtKGUzIC7FM9cTpxZFFWxQggwXBo18ccIKYx1Fn9toVO5mCpn9g==
